
Microsoft Visual Studio Solution File, Format Version 12.00
# Visual Studio Version 17
VisualStudioVersion = 17.9.34616.47
MinimumVisualStudioVersion = 10.0.40219.1
Project("{FAE04EC0-301F-11D3-BF4B-00C04F79EFBC}") = "IFS Login Challenge", "IFS Login Challenge\IFS Login Challenge.csproj", "{05893B0F-88AD-4931-9105-892BC145925D}"
EndProject
Global
	GlobalSection(SolutionConfigurationPlatforms) = preSolution
		Debug|Any CPU = Debug|Any CPU
		Release|Any CPU = Release|Any CPU
	EndGlobalSection
	GlobalSection(ProjectConfigurationPlatforms) = postSolution
		{05893B0F-88AD-4931-9105-892BC145925D}.Debug|Any CPU.ActiveCfg = Debug|Any CPU
		{05893B0F-88AD-4931-9105-892BC145925D}.Debug|Any CPU.Build.0 = Debug|Any CPU
		{05893B0F-88AD-4931-9105-892BC145925D}.Release|Any CPU.ActiveCfg = Release|Any CPU
		{05893B0F-88AD-4931-9105-892BC145925D}.Release|Any CPU.Build.0 = Release|Any CPU
	EndGlobalSection
	GlobalSection(SolutionProperties) = preSolution
		HideSolutionNode = FALSE
	EndGlobalSection
	GlobalSection(ExtensibilityGlobals) = postSolution
		SolutionGuid = {1A0C26B6-6940-4E0A-BEC0-055D1F8F5CFD}
	EndGlobalSection
EndGlobal
