
Microsoft Visual Studio Solution File, Format Version 12.00
# Visual Studio Version 17
VisualStudioVersion = 17.9.34616.47
MinimumVisualStudioVersion = 10.0.40219.1
Project("{FAE04EC0-301F-11D3-BF4B-00C04F79EFBC}") = "For Loops", "For Loops\For Loops.csproj", "{9793F9FC-C8E9-4BC1-8504-B6696287F288}"
EndProject
Global
	GlobalSection(SolutionConfigurationPlatforms) = preSolution
		Debug|Any CPU = Debug|Any CPU
		Release|Any CPU = Release|Any CPU
	EndGlobalSection
	GlobalSection(ProjectConfigurationPlatforms) = postSolution
		{9793F9FC-C8E9-4BC1-8504-B6696287F288}.Debug|Any CPU.ActiveCfg = Debug|Any CPU
		{9793F9FC-C8E9-4BC1-8504-B6696287F288}.Debug|Any CPU.Build.0 = Debug|Any CPU
		{9793F9FC-C8E9-4BC1-8504-B6696287F288}.Release|Any CPU.ActiveCfg = Release|Any CPU
		{9793F9FC-C8E9-4BC1-8504-B6696287F288}.Release|Any CPU.Build.0 = Release|Any CPU
	EndGlobalSection
	GlobalSection(SolutionProperties) = preSolution
		HideSolutionNode = FALSE
	EndGlobalSection
	GlobalSection(ExtensibilityGlobals) = postSolution
		SolutionGuid = {8F8430C7-B9A6-42A6-B570-BE32FBD71C62}
	EndGlobalSection
EndGlobal
