
Microsoft Visual Studio Solution File, Format Version 12.00
# Visual Studio Version 17
VisualStudioVersion = 17.9.34616.47
MinimumVisualStudioVersion = 10.0.40219.1
Project("{FAE04EC0-301F-11D3-BF4B-00C04F79EFBC}") = "break continue practice", "break continue practice\break continue practice.csproj", "{F28A1720-E47A-445F-A64B-AB4CC0D74CDC}"
EndProject
Global
	GlobalSection(SolutionConfigurationPlatforms) = preSolution
		Debug|Any CPU = Debug|Any CPU
		Release|Any CPU = Release|Any CPU
	EndGlobalSection
	GlobalSection(ProjectConfigurationPlatforms) = postSolution
		{F28A1720-E47A-445F-A64B-AB4CC0D74CDC}.Debug|Any CPU.ActiveCfg = Debug|Any CPU
		{F28A1720-E47A-445F-A64B-AB4CC0D74CDC}.Debug|Any CPU.Build.0 = Debug|Any CPU
		{F28A1720-E47A-445F-A64B-AB4CC0D74CDC}.Release|Any CPU.ActiveCfg = Release|Any CPU
		{F28A1720-E47A-445F-A64B-AB4CC0D74CDC}.Release|Any CPU.Build.0 = Release|Any CPU
	EndGlobalSection
	GlobalSection(SolutionProperties) = preSolution
		HideSolutionNode = FALSE
	EndGlobalSection
	GlobalSection(ExtensibilityGlobals) = postSolution
		SolutionGuid = {8EAE46F7-F5CB-4CDB-9AE9-845C57B52843}
	EndGlobalSection
EndGlobal
