
Microsoft Visual Studio Solution File, Format Version 12.00
# Visual Studio Version 17
VisualStudioVersion = 17.9.34616.47
MinimumVisualStudioVersion = 10.0.40219.1
Project("{FAE04EC0-301F-11D3-BF4B-00C04F79EFBC}") = "IEnumerator", "IEnumerator\IEnumerator.csproj", "{8B2AC009-2F2C-4BE1-B98C-151C957F5FEB}"
EndProject
Global
	GlobalSection(SolutionConfigurationPlatforms) = preSolution
		Debug|Any CPU = Debug|Any CPU
		Release|Any CPU = Release|Any CPU
	EndGlobalSection
	GlobalSection(ProjectConfigurationPlatforms) = postSolution
		{8B2AC009-2F2C-4BE1-B98C-151C957F5FEB}.Debug|Any CPU.ActiveCfg = Debug|Any CPU
		{8B2AC009-2F2C-4BE1-B98C-151C957F5FEB}.Debug|Any CPU.Build.0 = Debug|Any CPU
		{8B2AC009-2F2C-4BE1-B98C-151C957F5FEB}.Release|Any CPU.ActiveCfg = Release|Any CPU
		{8B2AC009-2F2C-4BE1-B98C-151C957F5FEB}.Release|Any CPU.Build.0 = Release|Any CPU
	EndGlobalSection
	GlobalSection(SolutionProperties) = preSolution
		HideSolutionNode = FALSE
	EndGlobalSection
	GlobalSection(ExtensibilityGlobals) = postSolution
		SolutionGuid = {68E501E3-5285-47EA-9510-9BDD9F6C7104}
	EndGlobalSection
EndGlobal
