
Microsoft Visual Studio Solution File, Format Version 12.00
# Visual Studio Version 17
VisualStudioVersion = 17.9.34616.47
MinimumVisualStudioVersion = 10.0.40219.1
Project("{FAE04EC0-301F-11D3-BF4B-00C04F79EFBC}") = "2. Creating Own Delegates", "2. Creating Own Delegates\2. Creating Own Delegates.csproj", "{B7B31802-F16E-44D4-93A6-7A959A67781A}"
EndProject
Global
	GlobalSection(SolutionConfigurationPlatforms) = preSolution
		Debug|Any CPU = Debug|Any CPU
		Release|Any CPU = Release|Any CPU
	EndGlobalSection
	GlobalSection(ProjectConfigurationPlatforms) = postSolution
		{B7B31802-F16E-44D4-93A6-7A959A67781A}.Debug|Any CPU.ActiveCfg = Debug|Any CPU
		{B7B31802-F16E-44D4-93A6-7A959A67781A}.Debug|Any CPU.Build.0 = Debug|Any CPU
		{B7B31802-F16E-44D4-93A6-7A959A67781A}.Release|Any CPU.ActiveCfg = Release|Any CPU
		{B7B31802-F16E-44D4-93A6-7A959A67781A}.Release|Any CPU.Build.0 = Release|Any CPU
	EndGlobalSection
	GlobalSection(SolutionProperties) = preSolution
		HideSolutionNode = FALSE
	EndGlobalSection
	GlobalSection(ExtensibilityGlobals) = postSolution
		SolutionGuid = {B39CAF1A-2EB3-42BB-B183-DB47DF3D9893}
	EndGlobalSection
EndGlobal
