
Microsoft Visual Studio Solution File, Format Version 12.00
# Visual Studio Version 17
VisualStudioVersion = 17.9.34616.47
MinimumVisualStudioVersion = 10.0.40219.1
Project("{FAE04EC0-301F-11D3-BF4B-00C04F79EFBC}") = "1 Interfaces Intro", "1 Interfaces Intro\1 Interfaces Intro.csproj", "{1618FAA8-8B3B-4CF8-9221-EB49F27A73AD}"
EndProject
Global
	GlobalSection(SolutionConfigurationPlatforms) = preSolution
		Debug|Any CPU = Debug|Any CPU
		Release|Any CPU = Release|Any CPU
	EndGlobalSection
	GlobalSection(ProjectConfigurationPlatforms) = postSolution
		{1618FAA8-8B3B-4CF8-9221-EB49F27A73AD}.Debug|Any CPU.ActiveCfg = Debug|Any CPU
		{1618FAA8-8B3B-4CF8-9221-EB49F27A73AD}.Debug|Any CPU.Build.0 = Debug|Any CPU
		{1618FAA8-8B3B-4CF8-9221-EB49F27A73AD}.Release|Any CPU.ActiveCfg = Release|Any CPU
		{1618FAA8-8B3B-4CF8-9221-EB49F27A73AD}.Release|Any CPU.Build.0 = Release|Any CPU
	EndGlobalSection
	GlobalSection(SolutionProperties) = preSolution
		HideSolutionNode = FALSE
	EndGlobalSection
	GlobalSection(ExtensibilityGlobals) = postSolution
		SolutionGuid = {54E1CB7B-CE3D-4C95-B0BD-F5511A9845D2}
	EndGlobalSection
EndGlobal
