
Microsoft Visual Studio Solution File, Format Version 12.00
# Visual Studio Version 17
VisualStudioVersion = 17.9.34616.47
MinimumVisualStudioVersion = 10.0.40219.1
Project("{FAE04EC0-301F-11D3-BF4B-00C04F79EFBC}") = "WpfApp02 Listbox", "WpfApp02 Listbox\WpfApp02 Listbox.csproj", "{6B9C1350-FA67-40C2-B027-0756B57C4197}"
EndProject
Global
	GlobalSection(SolutionConfigurationPlatforms) = preSolution
		Debug|Any CPU = Debug|Any CPU
		Release|Any CPU = Release|Any CPU
	EndGlobalSection
	GlobalSection(ProjectConfigurationPlatforms) = postSolution
		{6B9C1350-FA67-40C2-B027-0756B57C4197}.Debug|Any CPU.ActiveCfg = Debug|Any CPU
		{6B9C1350-FA67-40C2-B027-0756B57C4197}.Debug|Any CPU.Build.0 = Debug|Any CPU
		{6B9C1350-FA67-40C2-B027-0756B57C4197}.Release|Any CPU.ActiveCfg = Release|Any CPU
		{6B9C1350-FA67-40C2-B027-0756B57C4197}.Release|Any CPU.Build.0 = Release|Any CPU
	EndGlobalSection
	GlobalSection(SolutionProperties) = preSolution
		HideSolutionNode = FALSE
	EndGlobalSection
	GlobalSection(ExtensibilityGlobals) = postSolution
		SolutionGuid = {6D188AE8-E168-4C05-A586-502B832A3BB1}
	EndGlobalSection
EndGlobal
