
Microsoft Visual Studio Solution File, Format Version 12.00
# Visual Studio Version 17
VisualStudioVersion = 17.9.34616.47
MinimumVisualStudioVersion = 10.0.40219.1
Project("{FAE04EC0-301F-11D3-BF4B-00C04F79EFBC}") = "88 Lists", "88 Lists\88 Lists.csproj", "{96CA8A65-426E-4C6D-9525-7D91FFC2D6E9}"
EndProject
Global
	GlobalSection(SolutionConfigurationPlatforms) = preSolution
		Debug|Any CPU = Debug|Any CPU
		Release|Any CPU = Release|Any CPU
	EndGlobalSection
	GlobalSection(ProjectConfigurationPlatforms) = postSolution
		{96CA8A65-426E-4C6D-9525-7D91FFC2D6E9}.Debug|Any CPU.ActiveCfg = Debug|Any CPU
		{96CA8A65-426E-4C6D-9525-7D91FFC2D6E9}.Debug|Any CPU.Build.0 = Debug|Any CPU
		{96CA8A65-426E-4C6D-9525-7D91FFC2D6E9}.Release|Any CPU.ActiveCfg = Release|Any CPU
		{96CA8A65-426E-4C6D-9525-7D91FFC2D6E9}.Release|Any CPU.Build.0 = Release|Any CPU
	EndGlobalSection
	GlobalSection(SolutionProperties) = preSolution
		HideSolutionNode = FALSE
	EndGlobalSection
	GlobalSection(ExtensibilityGlobals) = postSolution
		SolutionGuid = {8BD56D60-3288-4AB6-A33B-432120F0C49C}
	EndGlobalSection
EndGlobal
