
Microsoft Visual Studio Solution File, Format Version 12.00
# Visual Studio Version 17
VisualStudioVersion = 17.9.34616.47
MinimumVisualStudioVersion = 10.0.40219.1
Project("{FAE04EC0-301F-11D3-BF4B-00C04F79EFBC}") = "Conversion2", "Conversion2\Conversion2.csproj", "{12E92EBE-6612-4397-9295-56AA13EB667C}"
EndProject
Global
	GlobalSection(SolutionConfigurationPlatforms) = preSolution
		Debug|Any CPU = Debug|Any CPU
		Release|Any CPU = Release|Any CPU
	EndGlobalSection
	GlobalSection(ProjectConfigurationPlatforms) = postSolution
		{12E92EBE-6612-4397-9295-56AA13EB667C}.Debug|Any CPU.ActiveCfg = Debug|Any CPU
		{12E92EBE-6612-4397-9295-56AA13EB667C}.Debug|Any CPU.Build.0 = Debug|Any CPU
		{12E92EBE-6612-4397-9295-56AA13EB667C}.Release|Any CPU.ActiveCfg = Release|Any CPU
		{12E92EBE-6612-4397-9295-56AA13EB667C}.Release|Any CPU.Build.0 = Release|Any CPU
	EndGlobalSection
	GlobalSection(SolutionProperties) = preSolution
		HideSolutionNode = FALSE
	EndGlobalSection
	GlobalSection(ExtensibilityGlobals) = postSolution
		SolutionGuid = {A32F40B8-0D27-4EDD-8EDA-35F177A0D32B}
	EndGlobalSection
EndGlobal
