
Microsoft Visual Studio Solution File, Format Version 12.00
# Visual Studio Version 17
VisualStudioVersion = 17.9.34616.47
MinimumVisualStudioVersion = 10.0.40219.1
Project("{FAE04EC0-301F-11D3-BF4B-00C04F79EFBC}") = "MethodExercise", "MethodExercise\MethodExercise.csproj", "{A242B672-769E-4350-BDF8-8D3D2FB4B07B}"
EndProject
Global
	GlobalSection(SolutionConfigurationPlatforms) = preSolution
		Debug|Any CPU = Debug|Any CPU
		Release|Any CPU = Release|Any CPU
	EndGlobalSection
	GlobalSection(ProjectConfigurationPlatforms) = postSolution
		{A242B672-769E-4350-BDF8-8D3D2FB4B07B}.Debug|Any CPU.ActiveCfg = Debug|Any CPU
		{A242B672-769E-4350-BDF8-8D3D2FB4B07B}.Debug|Any CPU.Build.0 = Debug|Any CPU
		{A242B672-769E-4350-BDF8-8D3D2FB4B07B}.Release|Any CPU.ActiveCfg = Release|Any CPU
		{A242B672-769E-4350-BDF8-8D3D2FB4B07B}.Release|Any CPU.Build.0 = Release|Any CPU
	EndGlobalSection
	GlobalSection(SolutionProperties) = preSolution
		HideSolutionNode = FALSE
	EndGlobalSection
	GlobalSection(ExtensibilityGlobals) = postSolution
		SolutionGuid = {A1E5F566-A38E-4718-B856-81718DF3E648}
	EndGlobalSection
EndGlobal
