
Microsoft Visual Studio Solution File, Format Version 12.00
# Visual Studio Version 17
VisualStudioVersion = 17.9.34616.47
MinimumVisualStudioVersion = 10.0.40219.1
Project("{FAE04EC0-301F-11D3-BF4B-00C04F79EFBC}") = "Break and continue", "Break and continue\Break and continue.csproj", "{93CCA391-F4E4-45AD-B85D-AF74F98EFBC0}"
EndProject
Global
	GlobalSection(SolutionConfigurationPlatforms) = preSolution
		Debug|Any CPU = Debug|Any CPU
		Release|Any CPU = Release|Any CPU
	EndGlobalSection
	GlobalSection(ProjectConfigurationPlatforms) = postSolution
		{93CCA391-F4E4-45AD-B85D-AF74F98EFBC0}.Debug|Any CPU.ActiveCfg = Debug|Any CPU
		{93CCA391-F4E4-45AD-B85D-AF74F98EFBC0}.Debug|Any CPU.Build.0 = Debug|Any CPU
		{93CCA391-F4E4-45AD-B85D-AF74F98EFBC0}.Release|Any CPU.ActiveCfg = Release|Any CPU
		{93CCA391-F4E4-45AD-B85D-AF74F98EFBC0}.Release|Any CPU.Build.0 = Release|Any CPU
	EndGlobalSection
	GlobalSection(SolutionProperties) = preSolution
		HideSolutionNode = FALSE
	EndGlobalSection
	GlobalSection(ExtensibilityGlobals) = postSolution
		SolutionGuid = {A54C14D3-8AD6-4D86-9048-E50E48BE1B64}
	EndGlobalSection
EndGlobal
