
Microsoft Visual Studio Solution File, Format Version 12.00
# Visual Studio Version 17
VisualStudioVersion = 17.9.34616.47
MinimumVisualStudioVersion = 10.0.40219.1
Project("{FAE04EC0-301F-11D3-BF4B-00C04F79EFBC}") = "1_Introduction to delegates", "1_Introduction to delegates\1_Introduction to delegates.csproj", "{AD3F12A5-9952-462A-8F67-5227D801A90C}"
EndProject
Global
	GlobalSection(SolutionConfigurationPlatforms) = preSolution
		Debug|Any CPU = Debug|Any CPU
		Release|Any CPU = Release|Any CPU
	EndGlobalSection
	GlobalSection(ProjectConfigurationPlatforms) = postSolution
		{AD3F12A5-9952-462A-8F67-5227D801A90C}.Debug|Any CPU.ActiveCfg = Debug|Any CPU
		{AD3F12A5-9952-462A-8F67-5227D801A90C}.Debug|Any CPU.Build.0 = Debug|Any CPU
		{AD3F12A5-9952-462A-8F67-5227D801A90C}.Release|Any CPU.ActiveCfg = Release|Any CPU
		{AD3F12A5-9952-462A-8F67-5227D801A90C}.Release|Any CPU.Build.0 = Release|Any CPU
	EndGlobalSection
	GlobalSection(SolutionProperties) = preSolution
		HideSolutionNode = FALSE
	EndGlobalSection
	GlobalSection(ExtensibilityGlobals) = postSolution
		SolutionGuid = {BACAD6B6-5A89-4F7A-8FE5-F6FFE47F08A5}
	EndGlobalSection
EndGlobal
