
Microsoft Visual Studio Solution File, Format Version 12.00
# Visual Studio Version 17
VisualStudioVersion = 17.9.34616.47
MinimumVisualStudioVersion = 10.0.40219.1
Project("{FAE04EC0-301F-11D3-BF4B-00C04F79EFBC}") = "TrueFalse", "TrueFalse\TrueFalse.csproj", "{A4FCC22B-62A1-4244-A150-B2E6AEAA6BD2}"
EndProject
Global
	GlobalSection(SolutionConfigurationPlatforms) = preSolution
		Debug|Any CPU = Debug|Any CPU
		Release|Any CPU = Release|Any CPU
	EndGlobalSection
	GlobalSection(ProjectConfigurationPlatforms) = postSolution
		{A4FCC22B-62A1-4244-A150-B2E6AEAA6BD2}.Debug|Any CPU.ActiveCfg = Debug|Any CPU
		{A4FCC22B-62A1-4244-A150-B2E6AEAA6BD2}.Debug|Any CPU.Build.0 = Debug|Any CPU
		{A4FCC22B-62A1-4244-A150-B2E6AEAA6BD2}.Release|Any CPU.ActiveCfg = Release|Any CPU
		{A4FCC22B-62A1-4244-A150-B2E6AEAA6BD2}.Release|Any CPU.Build.0 = Release|Any CPU
	EndGlobalSection
	GlobalSection(SolutionProperties) = preSolution
		HideSolutionNode = FALSE
	EndGlobalSection
	GlobalSection(ExtensibilityGlobals) = postSolution
		SolutionGuid = {0867A5FA-9A12-4A95-B823-ED1BF85A9EF6}
	EndGlobalSection
EndGlobal
