
Microsoft Visual Studio Solution File, Format Version 12.00
# Visual Studio Version 17
VisualStudioVersion = 17.9.34616.47
MinimumVisualStudioVersion = 10.0.40219.1
Project("{FAE04EC0-301F-11D3-BF4B-00C04F79EFBC}") = "4b.2. Multicast_Delegates", "4b.2. Multicast_Delegates\4b.2. Multicast_Delegates.csproj", "{33F3F476-24EC-4103-933F-236C890E3052}"
EndProject
Global
	GlobalSection(SolutionConfigurationPlatforms) = preSolution
		Debug|Any CPU = Debug|Any CPU
		Release|Any CPU = Release|Any CPU
	EndGlobalSection
	GlobalSection(ProjectConfigurationPlatforms) = postSolution
		{33F3F476-24EC-4103-933F-236C890E3052}.Debug|Any CPU.ActiveCfg = Debug|Any CPU
		{33F3F476-24EC-4103-933F-236C890E3052}.Debug|Any CPU.Build.0 = Debug|Any CPU
		{33F3F476-24EC-4103-933F-236C890E3052}.Release|Any CPU.ActiveCfg = Release|Any CPU
		{33F3F476-24EC-4103-933F-236C890E3052}.Release|Any CPU.Build.0 = Release|Any CPU
	EndGlobalSection
	GlobalSection(SolutionProperties) = preSolution
		HideSolutionNode = FALSE
	EndGlobalSection
	GlobalSection(ExtensibilityGlobals) = postSolution
		SolutionGuid = {F31252DA-72F2-45BB-936E-F57945A58564}
	EndGlobalSection
EndGlobal
