
Microsoft Visual Studio Solution File, Format Version 12.00
# Visual Studio Version 17
VisualStudioVersion = 17.9.34616.47
MinimumVisualStudioVersion = 10.0.40219.1
Project("{FAE04EC0-301F-11D3-BF4B-00C04F79EFBC}") = "4b.4. Intro PubSub", "4b.4. Intro PubSub\4b.4. Intro PubSub.csproj", "{65F43BC7-FA94-4E38-AC0A-182DDD5CC445}"
EndProject
Global
	GlobalSection(SolutionConfigurationPlatforms) = preSolution
		Debug|Any CPU = Debug|Any CPU
		Release|Any CPU = Release|Any CPU
	EndGlobalSection
	GlobalSection(ProjectConfigurationPlatforms) = postSolution
		{65F43BC7-FA94-4E38-AC0A-182DDD5CC445}.Debug|Any CPU.ActiveCfg = Debug|Any CPU
		{65F43BC7-FA94-4E38-AC0A-182DDD5CC445}.Debug|Any CPU.Build.0 = Debug|Any CPU
		{65F43BC7-FA94-4E38-AC0A-182DDD5CC445}.Release|Any CPU.ActiveCfg = Release|Any CPU
		{65F43BC7-FA94-4E38-AC0A-182DDD5CC445}.Release|Any CPU.Build.0 = Release|Any CPU
	EndGlobalSection
	GlobalSection(SolutionProperties) = preSolution
		HideSolutionNode = FALSE
	EndGlobalSection
	GlobalSection(ExtensibilityGlobals) = postSolution
		SolutionGuid = {47FDE911-38D5-4A9F-AECF-2E3546F063D9}
	EndGlobalSection
EndGlobal
